// !$*UTF8*$!
{
	archiveVersion = 1;
	classes = {
	};
	objectVersion = 48;
	objects = {

/* Begin PBXBuildFile section */
		FF37F7DB1FFAA9000022EBBF /* AppDelegate.swift in Sources */ = {isa = PBXBuildFile; fileRef = FF37F7DA1FFAA9000022EBBF /* AppDelegate.swift */; };
		FF37F7DD1FFAA9000022EBBF /* ViewController.swift in Sources */ = {isa = PBXBuildFile; fileRef = FF37F7DC1FFAA9000022EBBF /* ViewController.swift */; };
		FF37F7E01FFAA9000022EBBF /* Main.storyboard in Resources */ = {isa = PBXBuildFile; fileRef = FF37F7DE1FFAA9000022EBBF /* Main.storyboard */; };
		FF37F7E21FFAA9000022EBBF /* Assets.xcassets in Resources */ = {isa = PBXBuildFile; fileRef = FF37F7E11FFAA9000022EBBF /* Assets.xcassets */; };
		FF37F7E51FFAA9000022EBBF /* LaunchScreen.storyboard in Resources */ = {isa = PBXBuildFile; fileRef = FF37F7E31FFAA9000022EBBF /* LaunchScreen.storyboard */; };
		FF37F7F01FFAA9000022EBBF /* You_Are_Awesome_Tests.swift in Sources */ = {isa = PBXBuildFile; fileRef = FF37F7EF1FFAA9000022EBBF /* You_Are_Awesome_Tests.swift */; };
/* End PBXBuildFile section */

/* Begin PBXContainerItemProxy section */
		FF37F7EC1FFAA9000022EBBF /* PBXContainerItemProxy */ = {
			isa = PBXContainerItemProxy;
			containerPortal = FF37F7CF1FFAA9000022EBBF /* Project object */;
			proxyType = 1;
			remoteGlobalIDString = FF37F7D61FFAA9000022EBBF;
			remoteInfo = "You Are Awesome!";
		};
/* End PBXContainerItemProxy section */

/* Begin PBXFileReference section */
		FF37F7D71FFAA9000022EBBF /* You Are Awesome!.app */ = {isa = PBXFileReference; explicitFileType = wrapper.application; includeInIndex = 0; path = "You Are Awesome!.app"; sourceTree = BUILT_PRODUCTS_DIR; };
		FF37F7DA1FFAA9000022EBBF /* AppDelegate.swift */ = {isa = PBXFileReference; lastKnownFileType = sourcecode.swift; path = AppDelegate.swift; sourceTree = "<group>"; };
		FF37F7DC1FFAA9000022EBBF /* ViewController.swift */ = {isa = PBXFileReference; lastKnownFileType = sourcecode.swift; path = ViewController.swift; sourceTree = "<group>"; };
		FF37F7DF1FFAA9000022EBBF /* Base */ = {isa = PBXFileReference; lastKnownFileType = file.storyboard; name = Base; path = Base.lproj/Main.storyboard; sourceTree = "<group>"; };
		FF37F7E11FFAA9000022EBBF /* Assets.xcassets */ = {isa = PBXFileReference; lastKnownFileType = folder.assetcatalog; path = Assets.xcassets; sourceTree = "<group>"; };
		FF37F7E41FFAA9000022EBBF /* Base */ = {isa = PBXFileReference; lastKnownFileType = file.storyboard; name = Base; path = Base.lproj/LaunchScreen.storyboard; sourceTree = "<group>"; };
		FF37F7E61FFAA9000022EBBF /* Info.plist */ = {isa = PBXFileReference; lastKnownFileType = text.plist.xml; path = Info.plist; sourceTree = "<group>"; };
		FF37F7EB1FFAA9000022EBBF /* You Are Awesome!Tests.xctest */ = {isa = PBXFileReference; explicitFileType = wrapper.cfbundle; includeInIndex = 0; path = "You Are Awesome!Tests.xctest"; sourceTree = BUILT_PRODUCTS_DIR; };
		FF37F7EF1FFAA9000022EBBF /* You_Are_Awesome_Tests.swift */ = {isa = PBXFileReference; lastKnownFileType = sourcecode.swift; path = You_Are_Awesome_Tests.swift; sourceTree = "<group>"; };
		FF37F7F11FFAA9000022EBBF /* Info.plist */ = {isa = PBXFileReference; lastKnownFileType = text.plist.xml; path = Info.plist; sourceTree = "<group>"; };
/* End PBXFileReference section */

/* Begin PBXFrameworksBuildPhase section */
		FF37F7D41FFAA9000022EBBF /* Frameworks */ = {
			isa = PBXFrameworksBuildPhase;
			buildActionMask = 2147483647;
			files = (
			);
			runOnlyForDeploymentPostprocessing = 0;
		};
		FF37F7E81FFAA9000022EBBF /* Frameworks */ = {
			isa = PBXFrameworksBuildPhase;
			buildActionMask = 2147483647;
			files = (
			);
			runOnlyForDeploymentPostprocessing = 0;
		};
/* End PBXFrameworksBuildPhase section */

/* Begin PBXGroup section */
		FF37F7CE1FFAA9000022EBBF = {
			isa = PBXGroup;
			children = (
				FF37F7D91FFAA9000022EBBF /* You Are Awesome! */,
				FF37F7EE1FFAA9000022EBBF /* You Are Awesome!Tests */,
				FF37F7D81FFAA9000022EBBF /* Products */,
			);
			sourceTree = "<group>";
		};
		FF37F7D81FFAA9000022EBBF /* Products */ = {
			isa = PBXGroup;
			children = (
				FF37F7D71FFAA9000022EBBF /* You Are Awesome!.app */,
				FF37F7EB1FFAA9000022EBBF /* You Are Awesome!Tests.xctest */,
			);
			name = Products;
			sourceTree = "<group>";
		};
		FF37F7D91FFAA9000022EBBF /* You Are Awesome! */ = {
			isa = PBXGroup;
			children = (
				FF37F7DA1FFAA9000022EBBF /* AppDelegate.swift */,
				FF37F7DC1FFAA9000022EBBF /* ViewController.swift */,
				FF37F7DE1FFAA9000022EBBF /* Main.storyboard */,
				FF37F7E11FFAA9000022EBBF /* Assets.xcassets */,
				FF37F7E31FFAA9000022EBBF /* LaunchScreen.storyboard */,
				FF37F7E61FFAA9000022EBBF /* Info.plist */,
			);
			path = "You Are Awesome!";
			sourceTree = "<group>";
		};
		FF37F7EE1FFAA9000022EBBF /* You Are Awesome!Tests */ = {
			isa = PBXGroup;
			children = (
				FF37F7EF1FFAA9000022EBBF /* You_Are_Awesome_Tests.swift */,
				FF37F7F11FFAA9000022EBBF /* Info.plist */,
			);
			path = "You Are Awesome!Tests";
			sourceTree = "<group>";
		};
/* End PBXGroup section */

/* Begin PBXNativeTarget section */
		FF37F7D61FFAA9000022EBBF /* You Are Awesome! */ = {
			isa = PBXNativeTarget;
			buildConfigurationList = FF37F7F41FFAA9000022EBBF /* Build configuration list for PBXNativeTarget "You Are Awesome!" */;
			buildPhases = (
				FF37F7D31FFAA9000022EBBF /* Sources */,
				FF37F7D41FFAA9000022EBBF /* Frameworks */,
				FF37F7D51FFAA9000022EBBF /* Resources */,
			);
			buildRules = (
			);
			dependencies = (
			);
			name = "You Are Awesome!";
			productName = "You Are Awesome!";
			productReference = FF37F7D71FFAA9000022EBBF /* You Are Awesome!.app */;
			productType = "com.apple.product-type.application";
		};
		FF37F7EA1FFAA9000022EBBF /* You Are Awesome!Tests */ = {
			isa = PBXNativeTarget;
			buildConfigurationList = FF37F7F71FFAA9000022EBBF /* Build configuration list for PBXNativeTarget "You Are Awesome!Tests" */;
			buildPhases = (
				FF37F7E71FFAA9000022EBBF /* Sources */,
				FF37F7E81FFAA9000022EBBF /* Frameworks */,
				FF37F7E91FFAA9000022EBBF /* Resources */,
			);
			buildRules = (
			);
			dependencies = (
				FF37F7ED1FFAA9000022EBBF /* PBXTargetDependency */,
			);
			name = "You Are Awesome!Tests";
			productName = "You Are Awesome!Tests";
			productReference = FF37F7EB1FFAA9000022EBBF /* You Are Awesome!Tests.xctest */;
			productType = "com.apple.product-type.bundle.unit-test";
		};
/* End PBXNativeTarget section */

/* Begin PBXProject section */
		FF37F7CF1FFAA9000022EBBF /* Project object */ = {
			isa = PBXProject;
			attributes = {
				LastSwiftUpdateCheck = 0920;
				LastUpgradeCheck = 0920;
				ORGANIZATIONNAME = "Connor Greenleaf";
				TargetAttributes = {
					FF37F7D61FFAA9000022EBBF = {
						CreatedOnToolsVersion = 9.2;
						ProvisioningStyle = Automatic;
					};
					FF37F7EA1FFAA9000022EBBF = {
						CreatedOnToolsVersion = 9.2;
						ProvisioningStyle = Automatic;
						TestTargetID = FF37F7D61FFAA9000022EBBF;
					};
				};
			};
			buildConfigurationList = FF37F7D21FFAA9000022EBBF /* Build configuration list for PBXProject "You Are Awesome!" */;
			compatibilityVersion = "Xcode 8.0";
			developmentRegion = en;
			hasScannedForEncodings = 0;
			knownRegions = (
				en,
				Base,
			);
			mainGroup = FF37F7CE1FFAA9000022EBBF;
			productRefGroup = FF37F7D81FFAA9000022EBBF /* Products */;
			projectDirPath = "";
			projectRoot = "";
			targets = (
				FF37F7D61FFAA9000022EBBF /* You Are Awesome! */,
				FF37F7EA1FFAA9000022EBBF /* You Are Awesome!Tests */,
			);
		};
/* End PBXProject section */

/* Begin PBXResourcesBuildPhase section */
		FF37F7D51FFAA9000022EBBF /* Resources */ = {
			isa = PBXResourcesBuildPhase;
			buildActionMask = 2147483647;
			files = (
				FF37F7E51FFAA9000022EBBF /* LaunchScreen.storyboard in Resources */,
				FF37F7E21FFAA9000022EBBF /* Assets.xcassets in Resources */,
				FF37F7E01FFAA9000022EBBF /* Main.storyboard in Resources */,
			);
			runOnlyForDeploymentPostprocessing = 0;
		};
		FF37F7E91FFAA9000022EBBF /* Resources */ = {
			isa = PBXResourcesBuildPhase;
			buildActionMask = 2147483647;
			files = (
			);
			runOnlyForDeploymentPostprocessing = 0;
		};
/* End PBXResourcesBuildPhase section */

/* Begin PBXSourcesBuildPhase section */
		FF37F7D31FFAA9000022EBBF /* Sources */ = {
			isa = PBXSourcesBuildPhase;
			buildActionMask = 2147483647;
			files = (
				FF37F7DD1FFAA9000022EBBF /* ViewController.swift in Sources */,
				FF37F7DB1FFAA9000022EBBF /* AppDelegate.swift in Sources */,
			);
			runOnlyForDeploymentPostprocessing = 0;
		};
		FF37F7E71FFAA9000022EBBF /* Sources */ = {
			isa = PBXSourcesBuildPhase;
			buildActionMask = 2147483647;
			files = (
				FF37F7F01FFAA9000022EBBF /* You_Are_Awesome_Tests.swift in Sources */,
			);
			runOnlyForDeploymentPostprocessing = 0;
		};
/* End PBXSourcesBuildPhase section */

/* Begin PBXTargetDependency section */
		FF37F7ED1FFAA9000022EBBF /* PBXTargetDependency */ = {
			isa = PBXTargetDependency;
			target = FF37F7D61FFAA9000022EBBF /* You Are Awesome! */;
			targetProxy = FF37F7EC1FFAA9000022EBBF /* PBXContainerItemProxy */;
		};
/* End PBXTargetDependency section */

/* Begin PBXVariantGroup section */
		FF37F7DE1FFAA9000022EBBF /* Main.storyboard */ = {
			isa = PBXVariantGroup;
			children = (
				FF37F7DF1FFAA9000022EBBF /* Base */,
			);
			name = Main.storyboard;
			sourceTree = "<group>";
		};
		FF37F7E31FFAA9000022EBBF /* LaunchScreen.storyboard */ = {
			isa = PBXVariantGroup;
			children = (
				FF37F7E41FFAA9000022EBBF /* Base */,
			);
			name = LaunchScreen.storyboard;
			sourceTree = "<group>";
		};
/* End PBXVariantGroup section */

/* Begin XCBuildConfiguration section */
		FF37F7F21FFAA9000022EBBF /* Debug */ = {
			isa = XCBuildConfiguration;
			buildSettings = {
				ALWAYS_SEARCH_USER_PATHS = NO;
				CLANG_ANALYZER_NONNULL = YES;
				CLANG_ANALYZER_NUMBER_OBJECT_CONVERSION = YES_AGGRESSIVE;
				CLANG_CXX_LANGUAGE_STANDARD = "gnu++14";
				CLANG_CXX_LIBRARY = "libc++";
				CLANG_ENABLE_MODULES = YES;
				CLANG_ENABLE_OBJC_ARC = YES;
				CLANG_WARN_BLOCK_CAPTURE_AUTORELEASING = YES;
				CLANG_WARN_BOOL_CONVERSION = YES;
				CLANG_WARN_COMMA = YES;
				CLANG_WARN_CONSTANT_CONVERSION = YES;
				CLANG_WARN_DIRECT_OBJC_ISA_USAGE = YES_ERROR;
				CLANG_WARN_DOCUMENTATION_COMMENTS = YES;
				CLANG_WARN_EMPTY_BODY = YES;
				CLANG_WARN_ENUM_CONVERSION = YES;
				CLANG_WARN_INFINITE_RECURSION = YES;
				CLANG_WARN_INT_CONVERSION = YES;
				CLANG_WARN_NON_LITERAL_NULL_CONVERSION = YES;
				CLANG_WARN_OBJC_LITERAL_CONVERSION = YES;
				CLANG_WARN_OBJC_ROOT_CLASS = YES_ERROR;
				CLANG_WARN_RANGE_LOOP_ANALYSIS = YES;
				CLANG_WARN_STRICT_PROTOTYPES = YES;
				CLANG_WARN_SUSPICIOUS_MOVE = YES;
				CLANG_WARN_UNGUARDED_AVAILABILITY = YES_AGGRESSIVE;
				CLANG_WARN_UNREACHABLE_CODE = YES;
				CLANG_WARN__DUPLICATE_METHOD_MATCH = YES;
				CODE_SIGN_IDENTITY = "iPhone Developer";
				COPY_PHASE_STRIP = NO;
				DEBUG_INFORMATION_FORMAT = dwarf;
				ENABLE_STRICT_OBJC_MSGSEND = YES;
				ENABLE_TESTABILITY = YES;
				GCC_C_LANGUAGE_STANDARD = gnu11;
				GCC_DYNAMIC_NO_PIC = NO;
				GCC_NO_COMMON_BLOCKS = YES;
				GCC_OPTIMIZATION_LEVEL = 0;
				GCC_PREPROCESSOR_DEFINITIONS = (
					"DEBUG=1",
					"$(inherited)",
				);
				GCC_WARN_64_TO_32_BIT_CONVERSION = YES;
				GCC_WARN_ABOUT_RETURN_TYPE = YES_ERROR;
				GCC_WARN_UNDECLARED_SELECTOR = YES;
				GCC_WARN_UNINITIALIZED_AUTOS = YES_AGGRESSIVE;
				GCC_WARN_UNUSED_FUNCTION = YES;
				GCC_WARN_UNUSED_VARIABLE = YES;
				IPHONEOS_DEPLOYMENT_TARGET = 11.2;
				MTL_ENABLE_DEBUG_INFO = YES;
				ONLY_ACTIVE_ARCH = YES;
				SDKROOT = iphoneos;
				SWIFT_ACTIVE_COMPILATION_CONDITIONS = DEBUG;
				SWIFT_OPTIMIZATION_LEVEL = "-Onone";
			};
			name = Debug;
		};
		FF37F7F31FFAA9000022EBBF /* Release */ = {
			isa = XCBuildConfiguration;
			buildSettings = {
				ALWAYS_SEARCH_USER_PATHS = NO;
				CLANG_ANALYZER_NONNULL = YES;
				CLANG_ANALYZER_NUMBER_OBJECT_CONVERSION = YES_AGGRESSIVE;
				CLANG_CXX_LANGUAGE_STANDARD = "gnu++14";
				CLANG_CXX_LIBRARY = "libc++";
				CLANG_ENABLE_MODULES = YES;
				CLANG_ENABLE_OBJC_ARC = YES;
				CLANG_WARN_BLOCK_CAPTURE_AUTORELEASING = YES;
				CLANG_WARN_BOOL_CONVERSION = YES;
				CLANG_WARN_COMMA = YES;
				CLANG_WARN_CONSTANT_CONVERSION = YES;
				CLANG_WARN_DIRECT_OBJC_ISA_USAGE = YES_ERROR;
				CLANG_WARN_DOCUMENTATION_COMMENTS = YES;
				CLANG_WARN_EMPTY_BODY = YES;
				CLANG_WARN_ENUM_CONVERSION = YES;
				CLANG_WARN_INFINITE_RECURSION = YES;
				CLANG_WARN_INT_CONVERSION = YES;
				CLANG_WARN_NON_LITERAL_NULL_CONVERSION = YES;
				CLANG_WARN_OBJC_LITERAL_CONVERSION = YES;
				CLANG_WARN_OBJC_ROOT_CLASS = YES_ERROR;
				CLANG_WARN_RANGE_LOOP_ANALYSIS = YES;
				CLANG_WARN_STRICT_PROTOTYPES = YES;
				CLANG_WARN_SUSPICIOUS_MOVE = YES;
				CLANG_WARN_UNGUARDED_AVAILABILITY = YES_AGGRESSIVE;
				CLANG_WARN_UNREACHABLE_CODE = YES;
				CLANG_WARN__DUPLICATE_METHOD_MATCH = YES;
				CODE_SIGN_IDENTITY = "iPhone Developer";
				COPY_PHASE_STRIP = NO;
				DEBUG_INFORMATION_FORMAT = "dwarf-with-dsym";
				ENABLE_NS_ASSERTIONS = NO;
				ENABLE_STRICT_OBJC_MSGSEND = YES;
				GCC_C_LANGUAGE_STANDARD = gnu11;
				GCC_NO_COMMON_BLOCKS = YES;
				GCC_WARN_64_TO_32_BIT_CONVERSION = YES;
				GCC_WARN_ABOUT_RETURN_TYPE = YES_ERROR;
				GCC_WARN_UNDECLARED_SELECTOR = YES;
				GCC_WARN_UNINITIALIZED_AUTOS = YES_AGGRESSIVE;
				GCC_WARN_UNUSED_FUNCTION = YES;
				GCC_WARN_UNUSED_VARIABLE = YES;
				IPHONEOS_DEPLOYMENT_TARGET = 11.2;
				MTL_ENABLE_DEBUG_INFO = NO;
				SDKROOT = iphoneos;
				SWIFT_OPTIMIZATION_LEVEL = "-Owholemodule";
				VALIDATE_PRODUCT = YES;
			};
			name = Release;
		};
		FF37F7F51FFAA9000022EBBF /* Debug */ = {
			isa = XCBuildConfiguration;
			buildSettings = {
				ASSETCATALOG_COMPILER_APPICON_NAME = AppIcon;
				CODE_SIGN_STYLE = Automatic;
				INFOPLIST_FILE = "You Are Awesome!/Info.plist";
				LD_RUNPATH_SEARCH_PATHS = "$(inherited) @executable_path/Frameworks";
				PRODUCT_BUNDLE_IDENTIFIER = "CGreenleaf.You-Are-Awesome-";
				PRODUCT_NAME = "$(TARGET_NAME)";
				SWIFT_VERSION = 4.0;
				TARGETED_DEVICE_FAMILY = "1,2";
			};
			name = Debug;
		};
		FF37F7F61FFAA9000022EBBF /* Release */ = {
			isa = XCBuildConfiguration;
			buildSettings = {
				ASSETCATALOG_COMPILER_APPICON_NAME = AppIcon;
				CODE_SIGN_STYLE = Automatic;
				INFOPLIST_FILE = "You Are Awesome!/Info.plist";
				LD_RUNPATH_SEARCH_PATHS = "$(inherited) @executable_path/Frameworks";
				PRODUCT_BUNDLE_IDENTIFIER = "CGreenleaf.You-Are-Awesome-";
				PRODUCT_NAME = "$(TARGET_NAME)";
				SWIFT_VERSION = 4.0;
				TARGETED_DEVICE_FAMILY = "1,2";
			};
			name = Release;
		};
		FF37F7F81FFAA9000022EBBF /* Debug */ = {
			isa = XCBuildConfiguration;
			buildSettings = {
				ALWAYS_EMBED_SWIFT_STANDARD_LIBRARIES = YES;
				BUNDLE_LOADER = "$(TEST_HOST)";
				CODE_SIGN_STYLE = Automatic;
				INFOPLIST_FILE = "You Are Awesome!Tests/Info.plist";
				LD_RUNPATH_SEARCH_PATHS = "$(inherited) @executable_path/Frameworks @loader_path/Frameworks";
				PRODUCT_BUNDLE_IDENTIFIER = "CGreenleaf.You-Are-Awesome-Tests";
				PRODUCT_NAME = "$(TARGET_NAME)";
				SWIFT_VERSION = 4.0;
				TARGETED_DEVICE_FAMILY = "1,2";
				TEST_HOST = "$(BUILT_PRODUCTS_DIR)/You Are Awesome!.app/You Are Awesome!";
			};
			name = Debug;
		};
		FF37F7F91FFAA9000022EBBF /* Release */ = {
			isa = XCBuildConfiguration;
			buildSettings = {
				ALWAYS_EMBED_SWIFT_STANDARD_LIBRARIES = YES;
				BUNDLE_LOADER = "$(TEST_HOST)";
				CODE_SIGN_STYLE = Automatic;
				INFOPLIST_FILE = "You Are Awesome!Tests/Info.plist";
				LD_RUNPATH_SEARCH_PATHS = "$(inherited) @executable_path/Frameworks @loader_path/Frameworks";
				PRODUCT_BUNDLE_IDENTIFIER = "CGreenleaf.You-Are-Awesome-Tests";
				PRODUCT_NAME = "$(TARGET_NAME)";
				SWIFT_VERSION = 4.0;
				TARGETED_DEVICE_FAMILY = "1,2";
				TEST_HOST = "$(BUILT_PRODUCTS_DIR)/You Are Awesome!.app/You Are Awesome!";
			};
			name = Release;
		};
/* End XCBuildConfiguration section */

/* Begin XCConfigurationList section */
		FF37F7D21FFAA9000022EBBF /* Build configuration list for PBXProject "You Are Awesome!" */ = {
			isa = XCConfigurationList;
			buildConfigurations = (
				FF37F7F21FFAA9000022EBBF /* Debug */,
				FF37F7F31FFAA9000022EBBF /* Release */,
			);
			defaultConfigurationIsVisible = 0;
			defaultConfigurationName = Release;
		};
		FF37F7F41FFAA9000022EBBF /* Build configuration list for PBXNativeTarget "You Are Awesome!" */ = {
			isa = XCConfigurationList;
			buildConfigurations = (
				FF37F7F51FFAA9000022EBBF /* Debug */,
				FF37F7F61FFAA9000022EBBF /* Release */,
			);
			defaultConfigurationIsVisible = 0;
			defaultConfigurationName = Release;
		};
		FF37F7F71FFAA9000022EBBF /* Build configuration list for PBXNativeTarget "You Are Awesome!Tests" */ = {
			isa = XCConfigurationList;
			buildConfigurations = (
				FF37F7F81FFAA9000022EBBF /* Debug */,
				FF37F7F91FFAA9000022EBBF /* Release */,
			);
			defaultConfigurationIsVisible = 0;
			defaultConfigurationName = Release;
		};
/* End XCConfigurationList section */
	};
	rootObject = FF37F7CF1FFAA9000022EBBF /* Project object */;
}
